
Microsoft Visual Studio Solution File, Format Version 12.00
# Visual Studio Version 17
VisualStudioVersion = 17.0.31903.59
MinimumVisualStudioVersion = 10.0.40219.1
Project("{2150E333-8FDC-42A3-9474-1A3956D46DE8}") = "src", "src", "{C9D61EF1-20B2-4FCD-BAFD-1EB62A88557A}"
EndProject
Project("{FAE04EC0-301F-11D3-BF4B-00C04F79EFBC}") = "Sc2Xboxed.Core", "src\Sc2Xboxed.Core\Sc2Xboxed.Core.csproj", "{5FFFFDA7-5A6A-454F-BFE9-FAA948F8F741}"
EndProject
Project("{FAE04EC0-301F-11D3-BF4B-00C04F79EFBC}") = "Sc2Xboxed.App.Console", "src\Sc2Xboxed.App.Console\Sc2Xboxed.App.Console.csproj", "{1570B343-BDD0-46BD-9497-BAFEBD033206}"
EndProject
Project("{2150E333-8FDC-42A3-9474-1A3956D46DE8}") = "tests", "tests", "{732DB72E-D6B8-4368-A27F-04D923B6FA42}"
EndProject
Project("{FAE04EC0-301F-11D3-BF4B-00C04F79EFBC}") = "Sc2Xboxed.Core.Tests", "tests\Sc2Xboxed.Core.Tests\Sc2Xboxed.Core.Tests.csproj", "{570A4C07-BB30-4B60-B87E-792A5822B2F1}"
EndProject
Project("{FAE04EC0-301F-11D3-BF4B-00C04F79EFBC}") = "Sc2Xboxed.Hid", "src\Sc2Xboxed.Hid\Sc2Xboxed.Hid.csproj", "{E2BA9241-2F36-42F8-B16D-9010EAA5E9AD}"
EndProject
Project("{FAE04EC0-301F-11D3-BF4B-00C04F79EFBC}") = "Sc2Xboxed.VirtualGamepad", "src\Sc2Xboxed.VirtualGamepad\Sc2Xboxed.VirtualGamepad.csproj", "{C5C8BCA6-F981-4E80-B6AB-6FD8A2A45763}"
EndProject
Project("{FAE04EC0-301F-11D3-BF4B-00C04F79EFBC}") = "Sc2Xboxed.Windows", "src\Sc2Xboxed.Windows\Sc2Xboxed.Windows.csproj", "{226BCA13-95BB-48BB-A1AB-BEF195E6E128}"
EndProject
Project("{FAE04EC0-301F-11D3-BF4B-00C04F79EFBC}") = "Sc2Xboxed.Osk", "src\Sc2Xboxed.Osk\Sc2Xboxed.Osk.csproj", "{77CFF4D4-DC4F-412D-85BD-E03900488F70}"
EndProject
Project("{FAE04EC0-301F-11D3-BF4B-00C04F79EFBC}") = "SteamXBox.Gui", "src\SteamXBox.Gui\SteamXBox.Gui.csproj", "{7787E069-92A1-4BC1-A796-8E2C6F6889A5}"
EndProject
Global
	GlobalSection(SolutionConfigurationPlatforms) = preSolution
		Debug|Any CPU = Debug|Any CPU
		Debug|x64 = Debug|x64
		Debug|x86 = Debug|x86
		Release|Any CPU = Release|Any CPU
		Release|x64 = Release|x64
		Release|x86 = Release|x86
	EndGlobalSection
	GlobalSection(ProjectConfigurationPlatforms) = postSolution
		{5FFFFDA7-5A6A-454F-BFE9-FAA948F8F741}.Debug|Any CPU.ActiveCfg = Debug|Any CPU
		{5FFFFDA7-5A6A-454F-BFE9-FAA948F8F741}.Debug|Any CPU.Build.0 = Debug|Any CPU
		{5FFFFDA7-5A6A-454F-BFE9-FAA948F8F741}.Debug|x64.ActiveCfg = Debug|Any CPU
		{5FFFFDA7-5A6A-454F-BFE9-FAA948F8F741}.Debug|x64.Build.0 = Debug|Any CPU
		{5FFFFDA7-5A6A-454F-BFE9-FAA948F8F741}.Debug|x86.ActiveCfg = Debug|Any CPU
		{5FFFFDA7-5A6A-454F-BFE9-FAA948F8F741}.Debug|x86.Build.0 = Debug|Any CPU
		{5FFFFDA7-5A6A-454F-BFE9-FAA948F8F741}.Release|Any CPU.ActiveCfg = Release|Any CPU
		{5FFFFDA7-5A6A-454F-BFE9-FAA948F8F741}.Release|Any CPU.Build.0 = Release|Any CPU
		{5FFFFDA7-5A6A-454F-BFE9-FAA948F8F741}.Release|x64.ActiveCfg = Release|Any CPU
		{5FFFFDA7-5A6A-454F-BFE9-FAA948F8F741}.Release|x64.Build.0 = Release|Any CPU
		{5FFFFDA7-5A6A-454F-BFE9-FAA948F8F741}.Release|x86.ActiveCfg = Release|Any CPU
		{5FFFFDA7-5A6A-454F-BFE9-FAA948F8F741}.Release|x86.Build.0 = Release|Any CPU
		{1570B343-BDD0-46BD-9497-BAFEBD033206}.Debug|Any CPU.ActiveCfg = Debug|Any CPU
		{1570B343-BDD0-46BD-9497-BAFEBD033206}.Debug|Any CPU.Build.0 = Debug|Any CPU
		{1570B343-BDD0-46BD-9497-BAFEBD033206}.Debug|x64.ActiveCfg = Debug|Any CPU
		{1570B343-BDD0-46BD-9497-BAFEBD033206}.Debug|x64.Build.0 = Debug|Any CPU
		{1570B343-BDD0-46BD-9497-BAFEBD033206}.Debug|x86.ActiveCfg = Debug|Any CPU
		{1570B343-BDD0-46BD-9497-BAFEBD033206}.Debug|x86.Build.0 = Debug|Any CPU
		{1570B343-BDD0-46BD-9497-BAFEBD033206}.Release|Any CPU.ActiveCfg = Release|Any CPU
		{1570B343-BDD0-46BD-9497-BAFEBD033206}.Release|Any CPU.Build.0 = Release|Any CPU
		{1570B343-BDD0-46BD-9497-BAFEBD033206}.Release|x64.ActiveCfg = Release|Any CPU
		{1570B343-BDD0-46BD-9497-BAFEBD033206}.Release|x64.Build.0 = Release|Any CPU
		{1570B343-BDD0-46BD-9497-BAFEBD033206}.Release|x86.ActiveCfg = Release|Any CPU
		{1570B343-BDD0-46BD-9497-BAFEBD033206}.Release|x86.Build.0 = Release|Any CPU
		{570A4C07-BB30-4B60-B87E-792A5822B2F1}.Debug|Any CPU.ActiveCfg = Debug|Any CPU
		{570A4C07-BB30-4B60-B87E-792A5822B2F1}.Debug|Any CPU.Build.0 = Debug|Any CPU
		{570A4C07-BB30-4B60-B87E-792A5822B2F1}.Debug|x64.ActiveCfg = Debug|Any CPU
		{570A4C07-BB30-4B60-B87E-792A5822B2F1}.Debug|x64.Build.0 = Debug|Any CPU
		{570A4C07-BB30-4B60-B87E-792A5822B2F1}.Debug|x86.ActiveCfg = Debug|Any CPU
		{570A4C07-BB30-4B60-B87E-792A5822B2F1}.Debug|x86.Build.0 = Debug|Any CPU
		{570A4C07-BB30-4B60-B87E-792A5822B2F1}.Release|Any CPU.ActiveCfg = Release|Any CPU
		{570A4C07-BB30-4B60-B87E-792A5822B2F1}.Release|Any CPU.Build.0 = Release|Any CPU
		{570A4C07-BB30-4B60-B87E-792A5822B2F1}.Release|x64.ActiveCfg = Release|Any CPU
		{570A4C07-BB30-4B60-B87E-792A5822B2F1}.Release|x64.Build.0 = Release|Any CPU
		{570A4C07-BB30-4B60-B87E-792A5822B2F1}.Release|x86.ActiveCfg = Release|Any CPU
		{570A4C07-BB30-4B60-B87E-792A5822B2F1}.Release|x86.Build.0 = Release|Any CPU
		{E2BA9241-2F36-42F8-B16D-9010EAA5E9AD}.Debug|Any CPU.ActiveCfg = Debug|Any CPU
		{E2BA9241-2F36-42F8-B16D-9010EAA5E9AD}.Debug|Any CPU.Build.0 = Debug|Any CPU
		{E2BA9241-2F36-42F8-B16D-9010EAA5E9AD}.Debug|x64.ActiveCfg = Debug|Any CPU
		{E2BA9241-2F36-42F8-B16D-9010EAA5E9AD}.Debug|x64.Build.0 = Debug|Any CPU
		{E2BA9241-2F36-42F8-B16D-9010EAA5E9AD}.Debug|x86.ActiveCfg = Debug|Any CPU
		{E2BA9241-2F36-42F8-B16D-9010EAA5E9AD}.Debug|x86.Build.0 = Debug|Any CPU
		{E2BA9241-2F36-42F8-B16D-9010EAA5E9AD}.Release|Any CPU.ActiveCfg = Release|Any CPU
		{E2BA9241-2F36-42F8-B16D-9010EAA5E9AD}.Release|Any CPU.Build.0 = Release|Any CPU
		{E2BA9241-2F36-42F8-B16D-9010EAA5E9AD}.Release|x64.ActiveCfg = Release|Any CPU
		{E2BA9241-2F36-42F8-B16D-9010EAA5E9AD}.Release|x64.Build.0 = Release|Any CPU
		{E2BA9241-2F36-42F8-B16D-9010EAA5E9AD}.Release|x86.ActiveCfg = Release|Any CPU
		{E2BA9241-2F36-42F8-B16D-9010EAA5E9AD}.Release|x86.Build.0 = Release|Any CPU
		{C5C8BCA6-F981-4E80-B6AB-6FD8A2A45763}.Debug|Any CPU.ActiveCfg = Debug|Any CPU
		{C5C8BCA6-F981-4E80-B6AB-6FD8A2A45763}.Debug|Any CPU.Build.0 = Debug|Any CPU
		{C5C8BCA6-F981-4E80-B6AB-6FD8A2A45763}.Debug|x64.ActiveCfg = Debug|Any CPU
		{C5C8BCA6-F981-4E80-B6AB-6FD8A2A45763}.Debug|x64.Build.0 = Debug|Any CPU
		{C5C8BCA6-F981-4E80-B6AB-6FD8A2A45763}.Debug|x86.ActiveCfg = Debug|Any CPU
		{C5C8BCA6-F981-4E80-B6AB-6FD8A2A45763}.Debug|x86.Build.0 = Debug|Any CPU
		{C5C8BCA6-F981-4E80-B6AB-6FD8A2A45763}.Release|Any CPU.ActiveCfg = Release|Any CPU
		{C5C8BCA6-F981-4E80-B6AB-6FD8A2A45763}.Release|Any CPU.Build.0 = Release|Any CPU
		{C5C8BCA6-F981-4E80-B6AB-6FD8A2A45763}.Release|x64.ActiveCfg = Release|Any CPU
		{C5C8BCA6-F981-4E80-B6AB-6FD8A2A45763}.Release|x64.Build.0 = Release|Any CPU
		{C5C8BCA6-F981-4E80-B6AB-6FD8A2A45763}.Release|x86.ActiveCfg = Release|Any CPU
		{C5C8BCA6-F981-4E80-B6AB-6FD8A2A45763}.Release|x86.Build.0 = Release|Any CPU
		{226BCA13-95BB-48BB-A1AB-BEF195E6E128}.Debug|Any CPU.ActiveCfg = Debug|Any CPU
		{226BCA13-95BB-48BB-A1AB-BEF195E6E128}.Debug|Any CPU.Build.0 = Debug|Any CPU
		{226BCA13-95BB-48BB-A1AB-BEF195E6E128}.Debug|x64.ActiveCfg = Debug|Any CPU
		{226BCA13-95BB-48BB-A1AB-BEF195E6E128}.Debug|x64.Build.0 = Debug|Any CPU
		{226BCA13-95BB-48BB-A1AB-BEF195E6E128}.Debug|x86.ActiveCfg = Debug|Any CPU
		{226BCA13-95BB-48BB-A1AB-BEF195E6E128}.Debug|x86.Build.0 = Debug|Any CPU
		{226BCA13-95BB-48BB-A1AB-BEF195E6E128}.Release|Any CPU.ActiveCfg = Release|Any CPU
		{226BCA13-95BB-48BB-A1AB-BEF195E6E128}.Release|Any CPU.Build.0 = Release|Any CPU
		{226BCA13-95BB-48BB-A1AB-BEF195E6E128}.Release|x64.ActiveCfg = Release|Any CPU
		{226BCA13-95BB-48BB-A1AB-BEF195E6E128}.Release|x64.Build.0 = Release|Any CPU
		{226BCA13-95BB-48BB-A1AB-BEF195E6E128}.Release|x86.ActiveCfg = Release|Any CPU
		{226BCA13-95BB-48BB-A1AB-BEF195E6E128}.Release|x86.Build.0 = Release|Any CPU
		{77CFF4D4-DC4F-412D-85BD-E03900488F70}.Debug|Any CPU.ActiveCfg = Debug|Any CPU
		{77CFF4D4-DC4F-412D-85BD-E03900488F70}.Debug|Any CPU.Build.0 = Debug|Any CPU
		{77CFF4D4-DC4F-412D-85BD-E03900488F70}.Debug|x64.ActiveCfg = Debug|Any CPU
		{77CFF4D4-DC4F-412D-85BD-E03900488F70}.Debug|x64.Build.0 = Debug|Any CPU
		{77CFF4D4-DC4F-412D-85BD-E03900488F70}.Debug|x86.ActiveCfg = Debug|Any CPU
		{77CFF4D4-DC4F-412D-85BD-E03900488F70}.Debug|x86.Build.0 = Debug|Any CPU
		{77CFF4D4-DC4F-412D-85BD-E03900488F70}.Release|Any CPU.ActiveCfg = Release|Any CPU
		{77CFF4D4-DC4F-412D-85BD-E03900488F70}.Release|Any CPU.Build.0 = Release|Any CPU
		{77CFF4D4-DC4F-412D-85BD-E03900488F70}.Release|x64.ActiveCfg = Release|Any CPU
		{77CFF4D4-DC4F-412D-85BD-E03900488F70}.Release|x64.Build.0 = Release|Any CPU
		{77CFF4D4-DC4F-412D-85BD-E03900488F70}.Release|x86.ActiveCfg = Release|Any CPU
		{77CFF4D4-DC4F-412D-85BD-E03900488F70}.Release|x86.Build.0 = Release|Any CPU
		{7787E069-92A1-4BC1-A796-8E2C6F6889A5}.Debug|Any CPU.ActiveCfg = Debug|Any CPU
		{7787E069-92A1-4BC1-A796-8E2C6F6889A5}.Debug|Any CPU.Build.0 = Debug|Any CPU
		{7787E069-92A1-4BC1-A796-8E2C6F6889A5}.Debug|x64.ActiveCfg = Debug|Any CPU
		{7787E069-92A1-4BC1-A796-8E2C6F6889A5}.Debug|x64.Build.0 = Debug|Any CPU
		{7787E069-92A1-4BC1-A796-8E2C6F6889A5}.Debug|x86.ActiveCfg = Debug|Any CPU
		{7787E069-92A1-4BC1-A796-8E2C6F6889A5}.Debug|x86.Build.0 = Debug|Any CPU
		{7787E069-92A1-4BC1-A796-8E2C6F6889A5}.Release|Any CPU.ActiveCfg = Release|Any CPU
		{7787E069-92A1-4BC1-A796-8E2C6F6889A5}.Release|Any CPU.Build.0 = Release|Any CPU
		{7787E069-92A1-4BC1-A796-8E2C6F6889A5}.Release|x64.ActiveCfg = Release|Any CPU
		{7787E069-92A1-4BC1-A796-8E2C6F6889A5}.Release|x64.Build.0 = Release|Any CPU
		{7787E069-92A1-4BC1-A796-8E2C6F6889A5}.Release|x86.ActiveCfg = Release|Any CPU
		{7787E069-92A1-4BC1-A796-8E2C6F6889A5}.Release|x86.Build.0 = Release|Any CPU
	EndGlobalSection
	GlobalSection(SolutionProperties) = preSolution
		HideSolutionNode = FALSE
	EndGlobalSection
	GlobalSection(NestedProjects) = preSolution
		{5FFFFDA7-5A6A-454F-BFE9-FAA948F8F741} = {C9D61EF1-20B2-4FCD-BAFD-1EB62A88557A}
		{1570B343-BDD0-46BD-9497-BAFEBD033206} = {C9D61EF1-20B2-4FCD-BAFD-1EB62A88557A}
		{570A4C07-BB30-4B60-B87E-792A5822B2F1} = {732DB72E-D6B8-4368-A27F-04D923B6FA42}
		{E2BA9241-2F36-42F8-B16D-9010EAA5E9AD} = {C9D61EF1-20B2-4FCD-BAFD-1EB62A88557A}
		{C5C8BCA6-F981-4E80-B6AB-6FD8A2A45763} = {C9D61EF1-20B2-4FCD-BAFD-1EB62A88557A}
		{226BCA13-95BB-48BB-A1AB-BEF195E6E128} = {C9D61EF1-20B2-4FCD-BAFD-1EB62A88557A}
		{77CFF4D4-DC4F-412D-85BD-E03900488F70} = {C9D61EF1-20B2-4FCD-BAFD-1EB62A88557A}
		{7787E069-92A1-4BC1-A796-8E2C6F6889A5} = {C9D61EF1-20B2-4FCD-BAFD-1EB62A88557A}
	EndGlobalSection
EndGlobal
