
Microsoft Visual Studio Solution File, Format Version 12.00
# Visual Studio Version 17
VisualStudioVersion = 17.0.31903.59
MinimumVisualStudioVersion = 10.0.40219.1
Project("{2150E333-8FDC-42A3-9474-1A3956D46DE8}") = "src", "src", "{C9D61EF1-20B2-4FCD-BAFD-1EB62A88557A}"
EndProject
Project("{FAE04EC0-301F-11D3-BF4B-00C04F79EFBC}") = "SenSÉ.Core", "src\SenSÉ.Core\SenSÉ.Core.csproj", "{5FFFFDA7-5A6A-454F-BFE9-FAA948F8F741}"
EndProject
Project("{FAE04EC0-301F-11D3-BF4B-00C04F79EFBC}") = "SenSÉ.App.Console", "src\SenSÉ.App.Console\SenSÉ.App.Console.csproj", "{1570B343-BDD0-46BD-9497-BAFEBD033206}"
EndProject
Project("{2150E333-8FDC-42A3-9474-1A3956D46DE8}") = "tests", "tests", "{732DB72E-D6B8-4368-A27F-04D923B6FA42}"
EndProject
Project("{FAE04EC0-301F-11D3-BF4B-00C04F79EFBC}") = "SenSÉ.Core.Tests", "tests\SenSÉ.Core.Tests\SenSÉ.Core.Tests.csproj", "{570A4C07-BB30-4B60-B87E-792A5822B2F1}"
EndProject
Project("{FAE04EC0-301F-11D3-BF4B-00C04F79EFBC}") = "SenSÉ.Hid", "src\SenSÉ.Hid\SenSÉ.Hid.csproj", "{E2BA9241-2F36-42F8-B16D-9010EAA5E9AD}"
EndProject
Project("{FAE04EC0-301F-11D3-BF4B-00C04F79EFBC}") = "SenSÉ.VirtualGamepad", "src\SenSÉ.VirtualGamepad\SenSÉ.VirtualGamepad.csproj", "{C5C8BCA6-F981-4E80-B6AB-6FD8A2A45763}"
EndProject
Project("{FAE04EC0-301F-11D3-BF4B-00C04F79EFBC}") = "SenSÉ.Windows", "src\SenSÉ.Windows\SenSÉ.Windows.csproj", "{226BCA13-95BB-48BB-A1AB-BEF195E6E128}"
EndProject
Project("{FAE04EC0-301F-11D3-BF4B-00C04F79EFBC}") = "SenSÉ.Osk", "src\SenSÉ.Osk\SenSÉ.Osk.csproj", "{77CFF4D4-DC4F-412D-85BD-E03900488F70}"
EndProject
Project("{FAE04EC0-301F-11D3-BF4B-00C04F79EFBC}") = "SenSÉ.Gui", "src\SenSÉ.Gui\SenSÉ.Gui.csproj", "{7787E069-92A1-4BC1-A796-8E2C6F6889A5}"
EndProject
Project("{FAE04EC0-301F-11D3-BF4B-00C04F79EFBC}") = "SenSÉ.Shell", "src\SenSÉ.Shell\SenSÉ.Shell.csproj", "{B380933D-AEF4-4D32-8BAE-5F9128C5E9F2}"
EndProject
Project("{FAE04EC0-301F-11D3-BF4B-00C04F79EFBC}") = "SenSÉ.Desktop", "src\SenSÉ.Desktop\SenSÉ.Desktop.csproj", "{75EFE10B-3C09-43E6-9D60-71573F8B7E89}"
EndProject
Project("{FAE04EC0-301F-11D3-BF4B-00C04F79EFBC}") = "SenSÉ.Plugins", "src\SenSÉ.Plugins\SenSÉ.Plugins.csproj", "{77FED6EC-800A-4CC4-9742-A20DADD31698}"
EndProject
Project("{FAE04EC0-301F-11D3-BF4B-00C04F79EFBC}") = "SenSÉ.Tools", "src\SenSÉ.Tools\SenSÉ.Tools.csproj", "{15BA31DB-272A-43E6-83F3-2D02305FDC85}"
EndProject
Project("{FAE04EC0-301F-11D3-BF4B-00C04F79EFBC}") = "SenSÉ.Indexer", "src\SenSÉ.Indexer\SenSÉ.Indexer.csproj", "{92BC780D-9861-4698-8FCD-536ECCD5410D}"
EndProject
Project("{FAE04EC0-301F-11D3-BF4B-00C04F79EFBC}") = "SenSÉ.Mcp.Bus", "src\SenSÉ.Mcp.Bus\SenSÉ.Mcp.Bus.csproj", "{26092B9A-B4A4-41E7-8DF2-88CCADF9FC24}"
EndProject
Project("{FAE04EC0-301F-11D3-BF4B-00C04F79EFBC}") = "SenSÉ.Mcp.Saisie", "src\SenSÉ.Mcp.Saisie\SenSÉ.Mcp.Saisie.csproj", "{BA2E9E61-C6A4-4BF1-9E55-3D869DABB7C7}"
EndProject
Project("{FAE04EC0-301F-11D3-BF4B-00C04F79EFBC}") = "SenSÉ.Mcp.Client", "src\SenSÉ.Mcp.Client\SenSÉ.Mcp.Client.csproj", "{67985A6E-5F33-4A88-B4F8-7ECB765F2AD4}"
EndProject
Project("{FAE04EC0-301F-11D3-BF4B-00C04F79EFBC}") = "SenSÉ.Mcp.DebugApi", "src\SenSÉ.Mcp.DebugApi\SenSÉ.Mcp.DebugApi.csproj", "{23EA2C17-D8E9-4976-9433-31CE26911ABD}"
EndProject
Project("{FAE04EC0-301F-11D3-BF4B-00C04F79EFBC}") = "SenSÉ.Mcp.Cdp", "src\SenSÉ.Mcp.Cdp\SenSÉ.Mcp.Cdp.csproj", "{9D4A590D-FF57-4B23-8785-67DB9F0DF5E2}"
EndProject
Global
	GlobalSection(SolutionConfigurationPlatforms) = preSolution
		Debug|Any CPU = Debug|Any CPU
		Debug|x64 = Debug|x64
		Debug|x86 = Debug|x86
		Release|Any CPU = Release|Any CPU
		Release|x64 = Release|x64
		Release|x86 = Release|x86
	EndGlobalSection
	GlobalSection(ProjectConfigurationPlatforms) = postSolution
		{5FFFFDA7-5A6A-454F-BFE9-FAA948F8F741}.Debug|Any CPU.ActiveCfg = Debug|Any CPU
		{5FFFFDA7-5A6A-454F-BFE9-FAA948F8F741}.Debug|Any CPU.Build.0 = Debug|Any CPU
		{5FFFFDA7-5A6A-454F-BFE9-FAA948F8F741}.Debug|x64.ActiveCfg = Debug|Any CPU
		{5FFFFDA7-5A6A-454F-BFE9-FAA948F8F741}.Debug|x64.Build.0 = Debug|Any CPU
		{5FFFFDA7-5A6A-454F-BFE9-FAA948F8F741}.Debug|x86.ActiveCfg = Debug|Any CPU
		{5FFFFDA7-5A6A-454F-BFE9-FAA948F8F741}.Debug|x86.Build.0 = Debug|Any CPU
		{5FFFFDA7-5A6A-454F-BFE9-FAA948F8F741}.Release|Any CPU.ActiveCfg = Release|Any CPU
		{5FFFFDA7-5A6A-454F-BFE9-FAA948F8F741}.Release|Any CPU.Build.0 = Release|Any CPU
		{5FFFFDA7-5A6A-454F-BFE9-FAA948F8F741}.Release|x64.ActiveCfg = Release|Any CPU
		{5FFFFDA7-5A6A-454F-BFE9-FAA948F8F741}.Release|x64.Build.0 = Release|Any CPU
		{5FFFFDA7-5A6A-454F-BFE9-FAA948F8F741}.Release|x86.ActiveCfg = Release|Any CPU
		{5FFFFDA7-5A6A-454F-BFE9-FAA948F8F741}.Release|x86.Build.0 = Release|Any CPU
		{1570B343-BDD0-46BD-9497-BAFEBD033206}.Debug|Any CPU.ActiveCfg = Debug|Any CPU
		{1570B343-BDD0-46BD-9497-BAFEBD033206}.Debug|Any CPU.Build.0 = Debug|Any CPU
		{1570B343-BDD0-46BD-9497-BAFEBD033206}.Debug|x64.ActiveCfg = Debug|Any CPU
		{1570B343-BDD0-46BD-9497-BAFEBD033206}.Debug|x64.Build.0 = Debug|Any CPU
		{1570B343-BDD0-46BD-9497-BAFEBD033206}.Debug|x86.ActiveCfg = Debug|Any CPU
		{1570B343-BDD0-46BD-9497-BAFEBD033206}.Debug|x86.Build.0 = Debug|Any CPU
		{1570B343-BDD0-46BD-9497-BAFEBD033206}.Release|Any CPU.ActiveCfg = Release|Any CPU
		{1570B343-BDD0-46BD-9497-BAFEBD033206}.Release|Any CPU.Build.0 = Release|Any CPU
		{1570B343-BDD0-46BD-9497-BAFEBD033206}.Release|x64.ActiveCfg = Release|Any CPU
		{1570B343-BDD0-46BD-9497-BAFEBD033206}.Release|x64.Build.0 = Release|Any CPU
		{1570B343-BDD0-46BD-9497-BAFEBD033206}.Release|x86.ActiveCfg = Release|Any CPU
		{1570B343-BDD0-46BD-9497-BAFEBD033206}.Release|x86.Build.0 = Release|Any CPU
		{570A4C07-BB30-4B60-B87E-792A5822B2F1}.Debug|Any CPU.ActiveCfg = Debug|Any CPU
		{570A4C07-BB30-4B60-B87E-792A5822B2F1}.Debug|Any CPU.Build.0 = Debug|Any CPU
		{570A4C07-BB30-4B60-B87E-792A5822B2F1}.Debug|x64.ActiveCfg = Debug|Any CPU
		{570A4C07-BB30-4B60-B87E-792A5822B2F1}.Debug|x64.Build.0 = Debug|Any CPU
		{570A4C07-BB30-4B60-B87E-792A5822B2F1}.Debug|x86.ActiveCfg = Debug|Any CPU
		{570A4C07-BB30-4B60-B87E-792A5822B2F1}.Debug|x86.Build.0 = Debug|Any CPU
		{570A4C07-BB30-4B60-B87E-792A5822B2F1}.Release|Any CPU.ActiveCfg = Release|Any CPU
		{570A4C07-BB30-4B60-B87E-792A5822B2F1}.Release|Any CPU.Build.0 = Release|Any CPU
		{570A4C07-BB30-4B60-B87E-792A5822B2F1}.Release|x64.ActiveCfg = Release|Any CPU
		{570A4C07-BB30-4B60-B87E-792A5822B2F1}.Release|x64.Build.0 = Release|Any CPU
		{570A4C07-BB30-4B60-B87E-792A5822B2F1}.Release|x86.ActiveCfg = Release|Any CPU
		{570A4C07-BB30-4B60-B87E-792A5822B2F1}.Release|x86.Build.0 = Release|Any CPU
		{E2BA9241-2F36-42F8-B16D-9010EAA5E9AD}.Debug|Any CPU.ActiveCfg = Debug|Any CPU
		{E2BA9241-2F36-42F8-B16D-9010EAA5E9AD}.Debug|Any CPU.Build.0 = Debug|Any CPU
		{E2BA9241-2F36-42F8-B16D-9010EAA5E9AD}.Debug|x64.ActiveCfg = Debug|Any CPU
		{E2BA9241-2F36-42F8-B16D-9010EAA5E9AD}.Debug|x64.Build.0 = Debug|Any CPU
		{E2BA9241-2F36-42F8-B16D-9010EAA5E9AD}.Debug|x86.ActiveCfg = Debug|Any CPU
		{E2BA9241-2F36-42F8-B16D-9010EAA5E9AD}.Debug|x86.Build.0 = Debug|Any CPU
		{E2BA9241-2F36-42F8-B16D-9010EAA5E9AD}.Release|Any CPU.ActiveCfg = Release|Any CPU
		{E2BA9241-2F36-42F8-B16D-9010EAA5E9AD}.Release|Any CPU.Build.0 = Release|Any CPU
		{E2BA9241-2F36-42F8-B16D-9010EAA5E9AD}.Release|x64.ActiveCfg = Release|Any CPU
		{E2BA9241-2F36-42F8-B16D-9010EAA5E9AD}.Release|x64.Build.0 = Release|Any CPU
		{E2BA9241-2F36-42F8-B16D-9010EAA5E9AD}.Release|x86.ActiveCfg = Release|Any CPU
		{E2BA9241-2F36-42F8-B16D-9010EAA5E9AD}.Release|x86.Build.0 = Release|Any CPU
		{C5C8BCA6-F981-4E80-B6AB-6FD8A2A45763}.Debug|Any CPU.ActiveCfg = Debug|Any CPU
		{C5C8BCA6-F981-4E80-B6AB-6FD8A2A45763}.Debug|Any CPU.Build.0 = Debug|Any CPU
		{C5C8BCA6-F981-4E80-B6AB-6FD8A2A45763}.Debug|x64.ActiveCfg = Debug|Any CPU
		{C5C8BCA6-F981-4E80-B6AB-6FD8A2A45763}.Debug|x64.Build.0 = Debug|Any CPU
		{C5C8BCA6-F981-4E80-B6AB-6FD8A2A45763}.Debug|x86.ActiveCfg = Debug|Any CPU
		{C5C8BCA6-F981-4E80-B6AB-6FD8A2A45763}.Debug|x86.Build.0 = Debug|Any CPU
		{C5C8BCA6-F981-4E80-B6AB-6FD8A2A45763}.Release|Any CPU.ActiveCfg = Release|Any CPU
		{C5C8BCA6-F981-4E80-B6AB-6FD8A2A45763}.Release|Any CPU.Build.0 = Release|Any CPU
		{C5C8BCA6-F981-4E80-B6AB-6FD8A2A45763}.Release|x64.ActiveCfg = Release|Any CPU
		{C5C8BCA6-F981-4E80-B6AB-6FD8A2A45763}.Release|x64.Build.0 = Release|Any CPU
		{C5C8BCA6-F981-4E80-B6AB-6FD8A2A45763}.Release|x86.ActiveCfg = Release|Any CPU
		{C5C8BCA6-F981-4E80-B6AB-6FD8A2A45763}.Release|x86.Build.0 = Release|Any CPU
		{226BCA13-95BB-48BB-A1AB-BEF195E6E128}.Debug|Any CPU.ActiveCfg = Debug|Any CPU
		{226BCA13-95BB-48BB-A1AB-BEF195E6E128}.Debug|Any CPU.Build.0 = Debug|Any CPU
		{226BCA13-95BB-48BB-A1AB-BEF195E6E128}.Debug|x64.ActiveCfg = Debug|Any CPU
		{226BCA13-95BB-48BB-A1AB-BEF195E6E128}.Debug|x64.Build.0 = Debug|Any CPU
		{226BCA13-95BB-48BB-A1AB-BEF195E6E128}.Debug|x86.ActiveCfg = Debug|Any CPU
		{226BCA13-95BB-48BB-A1AB-BEF195E6E128}.Debug|x86.Build.0 = Debug|Any CPU
		{226BCA13-95BB-48BB-A1AB-BEF195E6E128}.Release|Any CPU.ActiveCfg = Release|Any CPU
		{226BCA13-95BB-48BB-A1AB-BEF195E6E128}.Release|Any CPU.Build.0 = Release|Any CPU
		{226BCA13-95BB-48BB-A1AB-BEF195E6E128}.Release|x64.ActiveCfg = Release|Any CPU
		{226BCA13-95BB-48BB-A1AB-BEF195E6E128}.Release|x64.Build.0 = Release|Any CPU
		{226BCA13-95BB-48BB-A1AB-BEF195E6E128}.Release|x86.ActiveCfg = Release|Any CPU
		{226BCA13-95BB-48BB-A1AB-BEF195E6E128}.Release|x86.Build.0 = Release|Any CPU
		{77CFF4D4-DC4F-412D-85BD-E03900488F70}.Debug|Any CPU.ActiveCfg = Debug|Any CPU
		{77CFF4D4-DC4F-412D-85BD-E03900488F70}.Debug|Any CPU.Build.0 = Debug|Any CPU
		{77CFF4D4-DC4F-412D-85BD-E03900488F70}.Debug|x64.ActiveCfg = Debug|Any CPU
		{77CFF4D4-DC4F-412D-85BD-E03900488F70}.Debug|x64.Build.0 = Debug|Any CPU
		{77CFF4D4-DC4F-412D-85BD-E03900488F70}.Debug|x86.ActiveCfg = Debug|Any CPU
		{77CFF4D4-DC4F-412D-85BD-E03900488F70}.Debug|x86.Build.0 = Debug|Any CPU
		{77CFF4D4-DC4F-412D-85BD-E03900488F70}.Release|Any CPU.ActiveCfg = Release|Any CPU
		{77CFF4D4-DC4F-412D-85BD-E03900488F70}.Release|Any CPU.Build.0 = Release|Any CPU
		{77CFF4D4-DC4F-412D-85BD-E03900488F70}.Release|x64.ActiveCfg = Release|Any CPU
		{77CFF4D4-DC4F-412D-85BD-E03900488F70}.Release|x64.Build.0 = Release|Any CPU
		{77CFF4D4-DC4F-412D-85BD-E03900488F70}.Release|x86.ActiveCfg = Release|Any CPU
		{77CFF4D4-DC4F-412D-85BD-E03900488F70}.Release|x86.Build.0 = Release|Any CPU
		{7787E069-92A1-4BC1-A796-8E2C6F6889A5}.Debug|Any CPU.ActiveCfg = Debug|Any CPU
		{7787E069-92A1-4BC1-A796-8E2C6F6889A5}.Debug|Any CPU.Build.0 = Debug|Any CPU
		{7787E069-92A1-4BC1-A796-8E2C6F6889A5}.Debug|x64.ActiveCfg = Debug|Any CPU
		{7787E069-92A1-4BC1-A796-8E2C6F6889A5}.Debug|x64.Build.0 = Debug|Any CPU
		{7787E069-92A1-4BC1-A796-8E2C6F6889A5}.Debug|x86.ActiveCfg = Debug|Any CPU
		{7787E069-92A1-4BC1-A796-8E2C6F6889A5}.Debug|x86.Build.0 = Debug|Any CPU
		{7787E069-92A1-4BC1-A796-8E2C6F6889A5}.Release|Any CPU.ActiveCfg = Release|Any CPU
		{7787E069-92A1-4BC1-A796-8E2C6F6889A5}.Release|Any CPU.Build.0 = Release|Any CPU
		{7787E069-92A1-4BC1-A796-8E2C6F6889A5}.Release|x64.ActiveCfg = Release|Any CPU
		{7787E069-92A1-4BC1-A796-8E2C6F6889A5}.Release|x64.Build.0 = Release|Any CPU
		{7787E069-92A1-4BC1-A796-8E2C6F6889A5}.Release|x86.ActiveCfg = Release|Any CPU
		{7787E069-92A1-4BC1-A796-8E2C6F6889A5}.Release|x86.Build.0 = Release|Any CPU
		{B380933D-AEF4-4D32-8BAE-5F9128C5E9F2}.Debug|Any CPU.ActiveCfg = Debug|Any CPU
		{B380933D-AEF4-4D32-8BAE-5F9128C5E9F2}.Debug|Any CPU.Build.0 = Debug|Any CPU
		{B380933D-AEF4-4D32-8BAE-5F9128C5E9F2}.Debug|x64.ActiveCfg = Debug|Any CPU
		{B380933D-AEF4-4D32-8BAE-5F9128C5E9F2}.Debug|x64.Build.0 = Debug|Any CPU
		{B380933D-AEF4-4D32-8BAE-5F9128C5E9F2}.Debug|x86.ActiveCfg = Debug|Any CPU
		{B380933D-AEF4-4D32-8BAE-5F9128C5E9F2}.Debug|x86.Build.0 = Debug|Any CPU
		{B380933D-AEF4-4D32-8BAE-5F9128C5E9F2}.Release|Any CPU.ActiveCfg = Release|Any CPU
		{B380933D-AEF4-4D32-8BAE-5F9128C5E9F2}.Release|Any CPU.Build.0 = Release|Any CPU
		{B380933D-AEF4-4D32-8BAE-5F9128C5E9F2}.Release|x64.ActiveCfg = Release|Any CPU
		{B380933D-AEF4-4D32-8BAE-5F9128C5E9F2}.Release|x64.Build.0 = Release|Any CPU
		{B380933D-AEF4-4D32-8BAE-5F9128C5E9F2}.Release|x86.ActiveCfg = Release|Any CPU
		{B380933D-AEF4-4D32-8BAE-5F9128C5E9F2}.Release|x86.Build.0 = Release|Any CPU
		{75EFE10B-3C09-43E6-9D60-71573F8B7E89}.Debug|Any CPU.ActiveCfg = Debug|Any CPU
		{75EFE10B-3C09-43E6-9D60-71573F8B7E89}.Debug|Any CPU.Build.0 = Debug|Any CPU
		{75EFE10B-3C09-43E6-9D60-71573F8B7E89}.Debug|x64.ActiveCfg = Debug|Any CPU
		{75EFE10B-3C09-43E6-9D60-71573F8B7E89}.Debug|x64.Build.0 = Debug|Any CPU
		{75EFE10B-3C09-43E6-9D60-71573F8B7E89}.Debug|x86.ActiveCfg = Debug|Any CPU
		{75EFE10B-3C09-43E6-9D60-71573F8B7E89}.Debug|x86.Build.0 = Debug|Any CPU
		{75EFE10B-3C09-43E6-9D60-71573F8B7E89}.Release|Any CPU.ActiveCfg = Release|Any CPU
		{75EFE10B-3C09-43E6-9D60-71573F8B7E89}.Release|Any CPU.Build.0 = Release|Any CPU
		{75EFE10B-3C09-43E6-9D60-71573F8B7E89}.Release|x64.ActiveCfg = Release|Any CPU
		{75EFE10B-3C09-43E6-9D60-71573F8B7E89}.Release|x64.Build.0 = Release|Any CPU
		{75EFE10B-3C09-43E6-9D60-71573F8B7E89}.Release|x86.ActiveCfg = Release|Any CPU
		{75EFE10B-3C09-43E6-9D60-71573F8B7E89}.Release|x86.Build.0 = Release|Any CPU
		{77FED6EC-800A-4CC4-9742-A20DADD31698}.Debug|Any CPU.ActiveCfg = Debug|Any CPU
		{77FED6EC-800A-4CC4-9742-A20DADD31698}.Debug|Any CPU.Build.0 = Debug|Any CPU
		{77FED6EC-800A-4CC4-9742-A20DADD31698}.Debug|x64.ActiveCfg = Debug|Any CPU
		{77FED6EC-800A-4CC4-9742-A20DADD31698}.Debug|x64.Build.0 = Debug|Any CPU
		{77FED6EC-800A-4CC4-9742-A20DADD31698}.Debug|x86.ActiveCfg = Debug|Any CPU
		{77FED6EC-800A-4CC4-9742-A20DADD31698}.Debug|x86.Build.0 = Debug|Any CPU
		{77FED6EC-800A-4CC4-9742-A20DADD31698}.Release|Any CPU.ActiveCfg = Release|Any CPU
		{77FED6EC-800A-4CC4-9742-A20DADD31698}.Release|Any CPU.Build.0 = Release|Any CPU
		{77FED6EC-800A-4CC4-9742-A20DADD31698}.Release|x64.ActiveCfg = Release|Any CPU
		{77FED6EC-800A-4CC4-9742-A20DADD31698}.Release|x64.Build.0 = Release|Any CPU
		{77FED6EC-800A-4CC4-9742-A20DADD31698}.Release|x86.ActiveCfg = Release|Any CPU
		{77FED6EC-800A-4CC4-9742-A20DADD31698}.Release|x86.Build.0 = Release|Any CPU
		{15BA31DB-272A-43E6-83F3-2D02305FDC85}.Debug|Any CPU.ActiveCfg = Debug|Any CPU
		{15BA31DB-272A-43E6-83F3-2D02305FDC85}.Debug|Any CPU.Build.0 = Debug|Any CPU
		{15BA31DB-272A-43E6-83F3-2D02305FDC85}.Debug|x64.ActiveCfg = Debug|Any CPU
		{15BA31DB-272A-43E6-83F3-2D02305FDC85}.Debug|x64.Build.0 = Debug|Any CPU
		{15BA31DB-272A-43E6-83F3-2D02305FDC85}.Debug|x86.ActiveCfg = Debug|Any CPU
		{15BA31DB-272A-43E6-83F3-2D02305FDC85}.Debug|x86.Build.0 = Debug|Any CPU
		{15BA31DB-272A-43E6-83F3-2D02305FDC85}.Release|Any CPU.ActiveCfg = Release|Any CPU
		{15BA31DB-272A-43E6-83F3-2D02305FDC85}.Release|Any CPU.Build.0 = Release|Any CPU
		{15BA31DB-272A-43E6-83F3-2D02305FDC85}.Release|x64.ActiveCfg = Release|Any CPU
		{15BA31DB-272A-43E6-83F3-2D02305FDC85}.Release|x64.Build.0 = Release|Any CPU
		{15BA31DB-272A-43E6-83F3-2D02305FDC85}.Release|x86.ActiveCfg = Release|Any CPU
		{15BA31DB-272A-43E6-83F3-2D02305FDC85}.Release|x86.Build.0 = Release|Any CPU
		{92BC780D-9861-4698-8FCD-536ECCD5410D}.Debug|Any CPU.ActiveCfg = Debug|Any CPU
		{92BC780D-9861-4698-8FCD-536ECCD5410D}.Debug|Any CPU.Build.0 = Debug|Any CPU
		{92BC780D-9861-4698-8FCD-536ECCD5410D}.Debug|x64.ActiveCfg = Debug|Any CPU
		{92BC780D-9861-4698-8FCD-536ECCD5410D}.Debug|x64.Build.0 = Debug|Any CPU
		{92BC780D-9861-4698-8FCD-536ECCD5410D}.Debug|x86.ActiveCfg = Debug|Any CPU
		{92BC780D-9861-4698-8FCD-536ECCD5410D}.Debug|x86.Build.0 = Debug|Any CPU
		{92BC780D-9861-4698-8FCD-536ECCD5410D}.Release|Any CPU.ActiveCfg = Release|Any CPU
		{92BC780D-9861-4698-8FCD-536ECCD5410D}.Release|Any CPU.Build.0 = Release|Any CPU
		{92BC780D-9861-4698-8FCD-536ECCD5410D}.Release|x64.ActiveCfg = Release|Any CPU
		{92BC780D-9861-4698-8FCD-536ECCD5410D}.Release|x64.Build.0 = Release|Any CPU
		{92BC780D-9861-4698-8FCD-536ECCD5410D}.Release|x86.ActiveCfg = Release|Any CPU
		{92BC780D-9861-4698-8FCD-536ECCD5410D}.Release|x86.Build.0 = Release|Any CPU
		{26092B9A-B4A4-41E7-8DF2-88CCADF9FC24}.Debug|Any CPU.ActiveCfg = Debug|Any CPU
		{26092B9A-B4A4-41E7-8DF2-88CCADF9FC24}.Debug|Any CPU.Build.0 = Debug|Any CPU
		{26092B9A-B4A4-41E7-8DF2-88CCADF9FC24}.Debug|x64.ActiveCfg = Debug|Any CPU
		{26092B9A-B4A4-41E7-8DF2-88CCADF9FC24}.Debug|x64.Build.0 = Debug|Any CPU
		{26092B9A-B4A4-41E7-8DF2-88CCADF9FC24}.Debug|x86.ActiveCfg = Debug|Any CPU
		{26092B9A-B4A4-41E7-8DF2-88CCADF9FC24}.Debug|x86.Build.0 = Debug|Any CPU
		{26092B9A-B4A4-41E7-8DF2-88CCADF9FC24}.Release|Any CPU.ActiveCfg = Release|Any CPU
		{26092B9A-B4A4-41E7-8DF2-88CCADF9FC24}.Release|Any CPU.Build.0 = Release|Any CPU
		{26092B9A-B4A4-41E7-8DF2-88CCADF9FC24}.Release|x64.ActiveCfg = Release|Any CPU
		{26092B9A-B4A4-41E7-8DF2-88CCADF9FC24}.Release|x64.Build.0 = Release|Any CPU
		{26092B9A-B4A4-41E7-8DF2-88CCADF9FC24}.Release|x86.ActiveCfg = Release|Any CPU
		{26092B9A-B4A4-41E7-8DF2-88CCADF9FC24}.Release|x86.Build.0 = Release|Any CPU
		{BA2E9E61-C6A4-4BF1-9E55-3D869DABB7C7}.Debug|Any CPU.ActiveCfg = Debug|Any CPU
		{BA2E9E61-C6A4-4BF1-9E55-3D869DABB7C7}.Debug|Any CPU.Build.0 = Debug|Any CPU
		{BA2E9E61-C6A4-4BF1-9E55-3D869DABB7C7}.Debug|x64.ActiveCfg = Debug|Any CPU
		{BA2E9E61-C6A4-4BF1-9E55-3D869DABB7C7}.Debug|x64.Build.0 = Debug|Any CPU
		{BA2E9E61-C6A4-4BF1-9E55-3D869DABB7C7}.Debug|x86.ActiveCfg = Debug|Any CPU
		{BA2E9E61-C6A4-4BF1-9E55-3D869DABB7C7}.Debug|x86.Build.0 = Debug|Any CPU
		{BA2E9E61-C6A4-4BF1-9E55-3D869DABB7C7}.Release|Any CPU.ActiveCfg = Release|Any CPU
		{BA2E9E61-C6A4-4BF1-9E55-3D869DABB7C7}.Release|Any CPU.Build.0 = Release|Any CPU
		{BA2E9E61-C6A4-4BF1-9E55-3D869DABB7C7}.Release|x64.ActiveCfg = Release|Any CPU
		{BA2E9E61-C6A4-4BF1-9E55-3D869DABB7C7}.Release|x64.Build.0 = Release|Any CPU
		{BA2E9E61-C6A4-4BF1-9E55-3D869DABB7C7}.Release|x86.ActiveCfg = Release|Any CPU
		{BA2E9E61-C6A4-4BF1-9E55-3D869DABB7C7}.Release|x86.Build.0 = Release|Any CPU
		{67985A6E-5F33-4A88-B4F8-7ECB765F2AD4}.Debug|Any CPU.ActiveCfg = Debug|Any CPU
		{67985A6E-5F33-4A88-B4F8-7ECB765F2AD4}.Debug|Any CPU.Build.0 = Debug|Any CPU
		{67985A6E-5F33-4A88-B4F8-7ECB765F2AD4}.Debug|x64.ActiveCfg = Debug|Any CPU
		{67985A6E-5F33-4A88-B4F8-7ECB765F2AD4}.Debug|x64.Build.0 = Debug|Any CPU
		{67985A6E-5F33-4A88-B4F8-7ECB765F2AD4}.Debug|x86.ActiveCfg = Debug|Any CPU
		{67985A6E-5F33-4A88-B4F8-7ECB765F2AD4}.Debug|x86.Build.0 = Debug|Any CPU
		{67985A6E-5F33-4A88-B4F8-7ECB765F2AD4}.Release|Any CPU.ActiveCfg = Release|Any CPU
		{67985A6E-5F33-4A88-B4F8-7ECB765F2AD4}.Release|Any CPU.Build.0 = Release|Any CPU
		{67985A6E-5F33-4A88-B4F8-7ECB765F2AD4}.Release|x64.ActiveCfg = Release|Any CPU
		{67985A6E-5F33-4A88-B4F8-7ECB765F2AD4}.Release|x64.Build.0 = Release|Any CPU
		{67985A6E-5F33-4A88-B4F8-7ECB765F2AD4}.Release|x86.ActiveCfg = Release|Any CPU
		{67985A6E-5F33-4A88-B4F8-7ECB765F2AD4}.Release|x86.Build.0 = Release|Any CPU
		{23EA2C17-D8E9-4976-9433-31CE26911ABD}.Debug|Any CPU.ActiveCfg = Debug|Any CPU
		{23EA2C17-D8E9-4976-9433-31CE26911ABD}.Debug|Any CPU.Build.0 = Debug|Any CPU
		{23EA2C17-D8E9-4976-9433-31CE26911ABD}.Debug|x64.ActiveCfg = Debug|Any CPU
		{23EA2C17-D8E9-4976-9433-31CE26911ABD}.Debug|x64.Build.0 = Debug|Any CPU
		{23EA2C17-D8E9-4976-9433-31CE26911ABD}.Debug|x86.ActiveCfg = Debug|Any CPU
		{23EA2C17-D8E9-4976-9433-31CE26911ABD}.Debug|x86.Build.0 = Debug|Any CPU
		{23EA2C17-D8E9-4976-9433-31CE26911ABD}.Release|Any CPU.ActiveCfg = Release|Any CPU
		{23EA2C17-D8E9-4976-9433-31CE26911ABD}.Release|Any CPU.Build.0 = Release|Any CPU
		{23EA2C17-D8E9-4976-9433-31CE26911ABD}.Release|x64.ActiveCfg = Release|Any CPU
		{23EA2C17-D8E9-4976-9433-31CE26911ABD}.Release|x64.Build.0 = Release|Any CPU
		{23EA2C17-D8E9-4976-9433-31CE26911ABD}.Release|x86.ActiveCfg = Release|Any CPU
		{23EA2C17-D8E9-4976-9433-31CE26911ABD}.Release|x86.Build.0 = Release|Any CPU
		{9D4A590D-FF57-4B23-8785-67DB9F0DF5E2}.Debug|Any CPU.ActiveCfg = Debug|Any CPU
		{9D4A590D-FF57-4B23-8785-67DB9F0DF5E2}.Debug|Any CPU.Build.0 = Debug|Any CPU
		{9D4A590D-FF57-4B23-8785-67DB9F0DF5E2}.Debug|x64.ActiveCfg = Debug|Any CPU
		{9D4A590D-FF57-4B23-8785-67DB9F0DF5E2}.Debug|x64.Build.0 = Debug|Any CPU
		{9D4A590D-FF57-4B23-8785-67DB9F0DF5E2}.Debug|x86.ActiveCfg = Debug|Any CPU
		{9D4A590D-FF57-4B23-8785-67DB9F0DF5E2}.Debug|x86.Build.0 = Debug|Any CPU
		{9D4A590D-FF57-4B23-8785-67DB9F0DF5E2}.Release|Any CPU.ActiveCfg = Release|Any CPU
		{9D4A590D-FF57-4B23-8785-67DB9F0DF5E2}.Release|Any CPU.Build.0 = Release|Any CPU
		{9D4A590D-FF57-4B23-8785-67DB9F0DF5E2}.Release|x64.ActiveCfg = Release|Any CPU
		{9D4A590D-FF57-4B23-8785-67DB9F0DF5E2}.Release|x64.Build.0 = Release|Any CPU
		{9D4A590D-FF57-4B23-8785-67DB9F0DF5E2}.Release|x86.ActiveCfg = Release|Any CPU
		{9D4A590D-FF57-4B23-8785-67DB9F0DF5E2}.Release|x86.Build.0 = Release|Any CPU
	EndGlobalSection
	GlobalSection(SolutionProperties) = preSolution
		HideSolutionNode = FALSE
	EndGlobalSection
	GlobalSection(NestedProjects) = preSolution
		{5FFFFDA7-5A6A-454F-BFE9-FAA948F8F741} = {C9D61EF1-20B2-4FCD-BAFD-1EB62A88557A}
		{1570B343-BDD0-46BD-9497-BAFEBD033206} = {C9D61EF1-20B2-4FCD-BAFD-1EB62A88557A}
		{570A4C07-BB30-4B60-B87E-792A5822B2F1} = {732DB72E-D6B8-4368-A27F-04D923B6FA42}
		{E2BA9241-2F36-42F8-B16D-9010EAA5E9AD} = {C9D61EF1-20B2-4FCD-BAFD-1EB62A88557A}
		{C5C8BCA6-F981-4E80-B6AB-6FD8A2A45763} = {C9D61EF1-20B2-4FCD-BAFD-1EB62A88557A}
		{226BCA13-95BB-48BB-A1AB-BEF195E6E128} = {C9D61EF1-20B2-4FCD-BAFD-1EB62A88557A}
		{77CFF4D4-DC4F-412D-85BD-E03900488F70} = {C9D61EF1-20B2-4FCD-BAFD-1EB62A88557A}
		{7787E069-92A1-4BC1-A796-8E2C6F6889A5} = {C9D61EF1-20B2-4FCD-BAFD-1EB62A88557A}
		{B380933D-AEF4-4D32-8BAE-5F9128C5E9F2} = {C9D61EF1-20B2-4FCD-BAFD-1EB62A88557A}
		{75EFE10B-3C09-43E6-9D60-71573F8B7E89} = {C9D61EF1-20B2-4FCD-BAFD-1EB62A88557A}
		{77FED6EC-800A-4CC4-9742-A20DADD31698} = {C9D61EF1-20B2-4FCD-BAFD-1EB62A88557A}
		{15BA31DB-272A-43E6-83F3-2D02305FDC85} = {C9D61EF1-20B2-4FCD-BAFD-1EB62A88557A}
		{92BC780D-9861-4698-8FCD-536ECCD5410D} = {C9D61EF1-20B2-4FCD-BAFD-1EB62A88557A}
		{26092B9A-B4A4-41E7-8DF2-88CCADF9FC24} = {C9D61EF1-20B2-4FCD-BAFD-1EB62A88557A}
		{BA2E9E61-C6A4-4BF1-9E55-3D869DABB7C7} = {C9D61EF1-20B2-4FCD-BAFD-1EB62A88557A}
		{67985A6E-5F33-4A88-B4F8-7ECB765F2AD4} = {C9D61EF1-20B2-4FCD-BAFD-1EB62A88557A}
		{23EA2C17-D8E9-4976-9433-31CE26911ABD} = {C9D61EF1-20B2-4FCD-BAFD-1EB62A88557A}
		{9D4A590D-FF57-4B23-8785-67DB9F0DF5E2} = {C9D61EF1-20B2-4FCD-BAFD-1EB62A88557A}
	EndGlobalSection
EndGlobal
